{
  "name": "audio-meta",
  "version": "1.0.0",
  "lockfileVersion": 1,
  "dependencies": {
    "browser-id3-writer": {
      "version": "3.0.3",
      "resolved": "https://registry.npmjs.org/browser-id3-writer/-/browser-id3-writer-3.0.3.tgz",
      "integrity": "sha1-oK39RBe/uZe1Ucwc/7U3Va7YIlk="
    },
    "jsmediatags": {
      "version": "3.6.1",
      "resolved": "https://registry.npmjs.org/jsmediatags/-/jsmediatags-3.6.1.tgz",
      "integrity": "sha1-AGZKOgP5HBj9Wc3TGugDUM1BPKE="
    },
    "xhr2": {
      "version": "0.1.4",
      "resolved": "https://registry.npmjs.org/xhr2/-/xhr2-0.1.4.tgz",
      "integrity": "sha1-f4dliEdxbbUCYyOBL4GMras4el8="
    }
  }
}
